
Microsoft Visual Studio Solution File, Format Version 12.00
# Visual Studio Version 17
VisualStudioVersion = 17.5.33516.290
MinimumVisualStudioVersion = 10.0.40219.1
Project("{FAE04EC0-301F-11D3-BF4B-00C04F79EFBC}") = "test", "test.csproj", "{67804314-1502-4713-9644-3CF0BBC2EAD6}"
EndProject
Global
	GlobalSection(SolutionConfigurationPlatforms) = preSolution
		Debug|Any CPU = Debug|Any CPU
		Release|Any CPU = Release|Any CPU
	EndGlobalSection
	GlobalSection(ProjectConfigurationPlatforms) = postSolution
		{67804314-1502-4713-9644-3CF0BBC2EAD6}.Debug|Any CPU.ActiveCfg = Debug|Any CPU
		{67804314-1502-4713-9644-3CF0BBC2EAD6}.Debug|Any CPU.Build.0 = Debug|Any CPU
		{67804314-1502-4713-9644-3CF0BBC2EAD6}.Release|Any CPU.ActiveCfg = Release|Any CPU
		{67804314-1502-4713-9644-3CF0BBC2EAD6}.Release|Any CPU.Build.0 = Release|Any CPU
	EndGlobalSection
	GlobalSection(SolutionProperties) = preSolution
		HideSolutionNode = FALSE
	EndGlobalSection
	GlobalSection(ExtensibilityGlobals) = postSolution
		SolutionGuid = {A8F6E4C1-0196-4843-B741-B892CE0CE351}
	EndGlobalSection
EndGlobal
